
Microsoft Visual Studio Solution File, Format Version 12.00
# Visual Studio Version 16
VisualStudioVersion = 16.0.29230.47
MinimumVisualStudioVersion = 10.0.40219.1
Project("{8BC9CEB8-8B4A-11D0-8D11-00A0C91BC942}") = "Sandbox", "Sandbox\Sandbox.vcxproj", "{0FE671DD-429B-4A2E-8E0E-51F457629E5D}"
EndProject
Project("{8BC9CEB8-8B4A-11D0-8D11-00A0C91BC942}") = "Djinn", "Djinn\Djinn.vcxproj", "{9478EF15-3323-4ADC-A0D6-E89209495F16}"
EndProject
Global
	GlobalSection(SolutionConfigurationPlatforms) = preSolution
		Debug|x64 = Debug|x64
		Release|x64 = Release|x64
	EndGlobalSection
	GlobalSection(ProjectConfigurationPlatforms) = postSolution
		{9478EF15-3323-4ADC-A0D6-E89209495F16}.Debug|x64.ActiveCfg = Debug|x64
		{9478EF15-3323-4ADC-A0D6-E89209495F16}.Debug|x64.Build.0 = Debug|x64
		{9478EF15-3323-4ADC-A0D6-E89209495F16}.Release|x64.ActiveCfg = Release|x64
		{9478EF15-3323-4ADC-A0D6-E89209495F16}.Release|x64.Build.0 = Release|x64
		{0FE671DD-429B-4A2E-8E0E-51F457629E5D}.Debug|x64.ActiveCfg = Debug|x64
		{0FE671DD-429B-4A2E-8E0E-51F457629E5D}.Debug|x64.Build.0 = Debug|x64
		{0FE671DD-429B-4A2E-8E0E-51F457629E5D}.Release|x64.ActiveCfg = Release|x64
		{0FE671DD-429B-4A2E-8E0E-51F457629E5D}.Release|x64.Build.0 = Release|x64
	EndGlobalSection
	GlobalSection(SolutionProperties) = preSolution
		HideSolutionNode = FALSE
	EndGlobalSection
	GlobalSection(ExtensibilityGlobals) = postSolution
		SolutionGuid = {5F7063E8-F6D8-42E3-B275-F2E27727EFAF}
	EndGlobalSection
EndGlobal
