<?xml version="1.0" encoding="utf-8"?>
<Project ToolsVersion="4.0" xmlns="http://schemas.microsoft.com/developer/msbuild/2003">
  <ItemGroup>
    <Filter Include="Djinn">
      <UniqueIdentifier>{D86F090D-4484-31BE-0D06-D51D79D92DEF}</UniqueIdentifier>
    </Filter>
    <Filter Include="Djinn\Events">
      <UniqueIdentifier>{BCD83797-A83B-C73B-51C1-FFF13D0393BE}</UniqueIdentifier>
    </Filter>
    <Filter Include="Platform">
      <UniqueIdentifier>{2AC788B4-1694-E3BF-3FAD-D1672BD9184E}</UniqueIdentifier>
    </Filter>
    <Filter Include="Platform\Windows">
      <UniqueIdentifier>{64FBD71A-50F4-F66C-7926-DCF1657ED678}</UniqueIdentifier>
    </Filter>
  </ItemGroup>
  <ItemGroup>
    <ClInclude Include="src\Djinn.h" />
    <ClInclude Include="src\Djinn\Application.h">
      <Filter>Djinn</Filter>
    </ClInclude>
    <ClInclude Include="src\Djinn\Core.h">
      <Filter>Djinn</Filter>
    </ClInclude>
    <ClInclude Include="src\Djinn\EntryPoint.h">
      <Filter>Djinn</Filter>
    </ClInclude>
    <ClInclude Include="src\Djinn\Events\ApplicationEvent.h">
      <Filter>Djinn\Events</Filter>
    </ClInclude>
    <ClInclude Include="src\Djinn\Events\Event.h">
      <Filter>Djinn\Events</Filter>
    </ClInclude>
    <ClInclude Include="src\Djinn\Events\KeyEvent.h">
      <Filter>Djinn\Events</Filter>
    </ClInclude>
    <ClInclude Include="src\Djinn\Events\MouseEvent.h">
      <Filter>Djinn\Events</Filter>
    </ClInclude>
    <ClInclude Include="src\Djinn\Layer.h">
      <Filter>Djinn</Filter>
    </ClInclude>
    <ClInclude Include="src\Djinn\LayerStack.h">
      <Filter>Djinn</Filter>
    </ClInclude>
    <ClInclude Include="src\Djinn\Log.h">
      <Filter>Djinn</Filter>
    </ClInclude>
    <ClInclude Include="src\Djinn\Window.h">
      <Filter>Djinn</Filter>
    </ClInclude>
    <ClInclude Include="src\Platform\Windows\WindowsWindow.h">
      <Filter>Platform\Windows</Filter>
    </ClInclude>
    <ClInclude Include="src\dngpch.h" />
  </ItemGroup>
  <ItemGroup>
    <ClCompile Include="src\Djinn\Application.cpp">
      <Filter>Djinn</Filter>
    </ClCompile>
    <ClCompile Include="src\Djinn\Layer.cpp">
      <Filter>Djinn</Filter>
    </ClCompile>
    <ClCompile Include="src\Djinn\LayerStack.cpp">
      <Filter>Djinn</Filter>
    </ClCompile>
    <ClCompile Include="src\Djinn\Log.cpp">
      <Filter>Djinn</Filter>
    </ClCompile>
    <ClCompile Include="src\Platform\Windows\WindowsWindow.cpp">
      <Filter>Platform\Windows</Filter>
    </ClCompile>
    <ClCompile Include="src\dngpch.cpp" />
  </ItemGroup>
</Project>