<?xml version="1.0" encoding="utf-8"?>
<Project ToolsVersion="4.0" xmlns="http://schemas.microsoft.com/developer/msbuild/2003">
  <ItemGroup>
    <Filter Include="Djinn">
      <UniqueIdentifier>{D86F090D-4484-31BE-0D06-D51D79D92DEF}</UniqueIdentifier>
    </Filter>
  </ItemGroup>
  <ItemGroup>
    <ClInclude Include="src\Djinn.h" />
    <ClInclude Include="src\Djinn\Application.h">
      <Filter>Djinn</Filter>
    </ClInclude>
    <ClInclude Include="src\Djinn\Core.h">
      <Filter>Djinn</Filter>
    </ClInclude>
    <ClInclude Include="src\Djinn\EntryPoint.h">
      <Filter>Djinn</Filter>
    </ClInclude>
    <ClInclude Include="src\Djinn\Log.h">
      <Filter>Djinn</Filter>
    </ClInclude>
  </ItemGroup>
  <ItemGroup>
    <ClCompile Include="src\Djinn\Application.cpp">
      <Filter>Djinn</Filter>
    </ClCompile>
    <ClCompile Include="src\Djinn\Log.cpp">
      <Filter>Djinn</Filter>
    </ClCompile>
  </ItemGroup>
</Project>